{
  "lockfile_version": "1",
  "packages": {
    "actionlint@1.7.11": {
      "last_modified": "2026-02-23T15:40:43Z",
      "resolved": "github:NixOS/nixpkgs/80d901ec0377e19ac3f7bb8c035201e2e098cc97#actionlint",
      "source": "devbox-search",
      "version": "1.7.11",
      "systems": {
        "aarch64-darwin": {
          "outputs": [
            {
              "name": "out",
              "path": "/nix/store/lgjp3mb2wfk2mpfay8w62mk4jl2bg4gr-actionlint-1.7.11",
              "default": true
            }
          ],
          "store_path": "/nix/store/lgjp3mb2wfk2mpfay8w62mk4jl2bg4gr-actionlint-1.7.11"
        },
        "aarch64-linux": {
          "outputs": [
            {
              "name": "out",
              "path": "/nix/store/css8sdn6z2y71y9d0dbmnj6i5v5vcybv-actionlint-1.7.11",
              "default": true
            }
          ],
          "store_path": "/nix/store/css8sdn6z2y71y9d0dbmnj6i5v5vcybv-actionlint-1.7.11"
        },
        "x86_64-darwin": {
          "outputs": [
            {
              "name": "out",
              "path": "/nix/store/1snf915whqdd6579iig1icpk1lqc6khg-actionlint-1.7.11",
              "default": true
            }
          ],
          "store_path": "/nix/store/1snf915whqdd6579iig1icpk1lqc6khg-actionlint-1.7.11"
        },
        "x86_64-linux": {
          "outputs": [
            {
              "name": "out",
              "path": "/nix/store/pafy6lli47c2fhrnxanz4wdmcy9932ix-actionlint-1.7.11",
              "default": true
            }
          ],
          "store_path": "/nix/store/pafy6lli47c2fhrnxanz4wdmcy9932ix-actionlint-1.7.11"
        }
      }
    },
    "ghalint@1.5.4": {
      "last_modified": "2026-01-02T14:39:32Z",
      "resolved": "github:NixOS/nixpkgs/16c7794d0a28b5a37904d55bcca36003b9109aaa#ghalint",
      "source": "devbox-search",
      "version": "1.5.4",
      "systems": {
        "aarch64-darwin": {
          "outputs": [
            {
              "name": "out",
              "path": "/nix/store/r7ic6xcz45akksima8y4r95nh6dviqyc-ghalint-1.5.4",
              "default": true
            }
          ],
          "store_path": "/nix/store/r7ic6xcz45akksima8y4r95nh6dviqyc-ghalint-1.5.4"
        },
        "aarch64-linux": {
          "outputs": [
            {
              "name": "out",
              "path": "/nix/store/k0q3mfpqd58g9s0gz9ir2crliavzy929-ghalint-1.5.4",
              "default": true
            }
          ],
          "store_path": "/nix/store/k0q3mfpqd58g9s0gz9ir2crliavzy929-ghalint-1.5.4"
        },
        "x86_64-darwin": {
          "outputs": [
            {
              "name": "out",
              "path": "/nix/store/iwgk40mrq91c1j8szlqcxndv2wlg9jyk-ghalint-1.5.4",
              "default": true
            }
          ],
          "store_path": "/nix/store/iwgk40mrq91c1j8szlqcxndv2wlg9jyk-ghalint-1.5.4"
        },
        "x86_64-linux": {
          "outputs": [
            {
              "name": "out",
              "path": "/nix/store/dgsl1k60k8mw6l5fmdx7nyy2xzaf9zin-ghalint-1.5.4",
              "default": true
            }
          ],
          "store_path": "/nix/store/dgsl1k60k8mw6l5fmdx7nyy2xzaf9zin-ghalint-1.5.4"
        }
      }
    },
    "github:NixOS/nixpkgs/nixpkgs-unstable": {
      "last_modified": "2025-11-30T03:55:57Z",
      "resolved": "github:NixOS/nixpkgs/890f57fde071de281cd0e950cd80ea3e1ab55e75?lastModified=1764474957&narHash=sha256-RCNYRb7zHt%2BqycQwfTD%2FZxnbd4Sxi2fgvkeAljtLEOs%3D"
    },
    "pnpm@10.28.0": {
      "last_modified": "2026-01-16T13:18:18Z",
      "resolved": "github:NixOS/nixpkgs/be5afa0fcb31f0a96bf9ecba05a516c66fcd8114#pnpm",
      "source": "devbox-search",
      "version": "10.28.0",
      "systems": {
        "aarch64-darwin": {
          "outputs": [
            {
              "name": "out",
              "path": "/nix/store/gm3mvwdq8lzgwrracc39c56bsw48gcdm-pnpm-10.28.0",
              "default": true
            }
          ],
          "store_path": "/nix/store/gm3mvwdq8lzgwrracc39c56bsw48gcdm-pnpm-10.28.0"
        },
        "aarch64-linux": {
          "outputs": [
            {
              "name": "out",
              "path": "/nix/store/v0hvwsn642v04v43i1cp6wpw659mk0fh-pnpm-10.28.0",
              "default": true
            }
          ],
          "store_path": "/nix/store/v0hvwsn642v04v43i1cp6wpw659mk0fh-pnpm-10.28.0"
        },
        "x86_64-darwin": {
          "outputs": [
            {
              "name": "out",
              "path": "/nix/store/37719x03mhk4f155zxvajh4z35yilg3v-pnpm-10.28.0",
              "default": true
            }
          ],
          "store_path": "/nix/store/37719x03mhk4f155zxvajh4z35yilg3v-pnpm-10.28.0"
        },
        "x86_64-linux": {
          "outputs": [
            {
              "name": "out",
              "path": "/nix/store/rsqvnapfwyal6iw70p5nrk3vng3qdprw-pnpm-10.28.0",
              "default": true
            }
          ],
          "store_path": "/nix/store/rsqvnapfwyal6iw70p5nrk3vng3qdprw-pnpm-10.28.0"
        }
      }
    },
    "typos@1.43.4": {
      "last_modified": "2026-02-15T09:18:18Z",
      "resolved": "github:NixOS/nixpkgs/e3cb16bccd9facebae3ba29c6a76a4cc1b73462a#typos",
      "source": "devbox-search",
      "version": "1.43.4",
      "systems": {
        "aarch64-darwin": {
          "outputs": [
            {
              "name": "out",
              "path": "/nix/store/04123rqcz852scg4wv7rww5aqm0ccng5-typos-1.43.4",
              "default": true
            }
          ],
          "store_path": "/nix/store/04123rqcz852scg4wv7rww5aqm0ccng5-typos-1.43.4"
        },
        "aarch64-linux": {
          "outputs": [
            {
              "name": "out",
              "path": "/nix/store/7sbayb6dqvf4rr8ky3wmv01ldlw14c0v-typos-1.43.4",
              "default": true
            }
          ],
          "store_path": "/nix/store/7sbayb6dqvf4rr8ky3wmv01ldlw14c0v-typos-1.43.4"
        },
        "x86_64-darwin": {
          "outputs": [
            {
              "name": "out",
              "path": "/nix/store/q9f3k3wsyxyiz9mgk2r16hh2i6a93z4f-typos-1.43.4",
              "default": true
            }
          ],
          "store_path": "/nix/store/q9f3k3wsyxyiz9mgk2r16hh2i6a93z4f-typos-1.43.4"
        },
        "x86_64-linux": {
          "outputs": [
            {
              "name": "out",
              "path": "/nix/store/ipyvq8plyxczalxl3573wcmdp7ii9jnl-typos-1.43.4",
              "default": true
            }
          ],
          "store_path": "/nix/store/ipyvq8plyxczalxl3573wcmdp7ii9jnl-typos-1.43.4"
        }
      }
    }
  }
}
