{
  "lockfile_version": "1",
  "packages": {
    "actionlint@1.7.10": {
      "last_modified": "2026-01-23T17:20:52Z",
      "resolved": "github:NixOS/nixpkgs/a1bab9e494f5f4939442a57a58d0449a109593fe#actionlint",
      "source": "devbox-search",
      "version": "1.7.10",
      "systems": {
        "aarch64-darwin": {
          "outputs": [
            {
              "name": "out",
              "path": "/nix/store/92yl15p354llm4lkdq2vjvscljfdp03q-actionlint-1.7.10",
              "default": true
            }
          ],
          "store_path": "/nix/store/92yl15p354llm4lkdq2vjvscljfdp03q-actionlint-1.7.10"
        },
        "aarch64-linux": {
          "outputs": [
            {
              "name": "out",
              "path": "/nix/store/c756x60xjyyfc1p09670im6ms6b75lxg-actionlint-1.7.10",
              "default": true
            }
          ],
          "store_path": "/nix/store/c756x60xjyyfc1p09670im6ms6b75lxg-actionlint-1.7.10"
        },
        "x86_64-darwin": {
          "outputs": [
            {
              "name": "out",
              "path": "/nix/store/9n2c90qk316b5xsll2ndsfsl7jrccjhc-actionlint-1.7.10",
              "default": true
            }
          ],
          "store_path": "/nix/store/9n2c90qk316b5xsll2ndsfsl7jrccjhc-actionlint-1.7.10"
        },
        "x86_64-linux": {
          "outputs": [
            {
              "name": "out",
              "path": "/nix/store/r9iw80i3mm22lj116h1bxvnc53kkry2s-actionlint-1.7.10",
              "default": true
            }
          ],
          "store_path": "/nix/store/r9iw80i3mm22lj116h1bxvnc53kkry2s-actionlint-1.7.10"
        }
      }
    },
    "ghalint@1.5.4": {
      "last_modified": "2026-01-23T17:20:52Z",
      "resolved": "github:NixOS/nixpkgs/a1bab9e494f5f4939442a57a58d0449a109593fe#ghalint",
      "source": "devbox-search",
      "version": "1.5.4",
      "systems": {
        "aarch64-darwin": {
          "outputs": [
            {
              "name": "out",
              "path": "/nix/store/qx7xixl77ll070m2c9zyyak8jplnrf6a-ghalint-1.5.4",
              "default": true
            }
          ],
          "store_path": "/nix/store/qx7xixl77ll070m2c9zyyak8jplnrf6a-ghalint-1.5.4"
        },
        "aarch64-linux": {
          "outputs": [
            {
              "name": "out",
              "path": "/nix/store/jn4p9wsbcj0mzri336fi7rl62x2hrjrs-ghalint-1.5.4",
              "default": true
            }
          ],
          "store_path": "/nix/store/jn4p9wsbcj0mzri336fi7rl62x2hrjrs-ghalint-1.5.4"
        },
        "x86_64-darwin": {
          "outputs": [
            {
              "name": "out",
              "path": "/nix/store/7973bxq6ss4yzn1scxsc2983bgyifz23-ghalint-1.5.4",
              "default": true
            }
          ],
          "store_path": "/nix/store/7973bxq6ss4yzn1scxsc2983bgyifz23-ghalint-1.5.4"
        },
        "x86_64-linux": {
          "outputs": [
            {
              "name": "out",
              "path": "/nix/store/mkvk8c04ajs3h60mddx64vffsa4w5djl-ghalint-1.5.4",
              "default": true
            }
          ],
          "store_path": "/nix/store/mkvk8c04ajs3h60mddx64vffsa4w5djl-ghalint-1.5.4"
        }
      }
    },
    "github:NixOS/nixpkgs/nixpkgs-unstable": {
      "last_modified": "2026-02-13T23:34:13Z",
      "resolved": "github:NixOS/nixpkgs/7d2ae6d8b8b697b5114a4249d0d958ee5f23d8fe?lastModified=1771025653&narHash=sha256-Y7FxD%2FqS8VRBQ7lgJIbMX7HU3FQifaMkJzOPz8NFrac%3D"
    },
    "pnpm@10.28.0": {
      "last_modified": "2026-01-23T17:20:52Z",
      "resolved": "github:NixOS/nixpkgs/a1bab9e494f5f4939442a57a58d0449a109593fe#pnpm",
      "source": "devbox-search",
      "version": "10.28.0",
      "systems": {
        "aarch64-darwin": {
          "outputs": [
            {
              "name": "out",
              "path": "/nix/store/a0i7dm3y1pdkpjc2p0lj2868iqw1cph2-pnpm-10.28.0",
              "default": true
            }
          ],
          "store_path": "/nix/store/a0i7dm3y1pdkpjc2p0lj2868iqw1cph2-pnpm-10.28.0"
        },
        "aarch64-linux": {
          "outputs": [
            {
              "name": "out",
              "path": "/nix/store/xgw9y80p9y0m5dq0qrnwwxi7fs69gm54-pnpm-10.28.0",
              "default": true
            }
          ],
          "store_path": "/nix/store/xgw9y80p9y0m5dq0qrnwwxi7fs69gm54-pnpm-10.28.0"
        },
        "x86_64-darwin": {
          "outputs": [
            {
              "name": "out",
              "path": "/nix/store/dj5b9z76cs1055rp0m8r53n5md1ismab-pnpm-10.28.0",
              "default": true
            }
          ],
          "store_path": "/nix/store/dj5b9z76cs1055rp0m8r53n5md1ismab-pnpm-10.28.0"
        },
        "x86_64-linux": {
          "outputs": [
            {
              "name": "out",
              "path": "/nix/store/q182xhmnqzff17cdg90hcp44ljgvqqr7-pnpm-10.28.0",
              "default": true
            }
          ],
          "store_path": "/nix/store/q182xhmnqzff17cdg90hcp44ljgvqqr7-pnpm-10.28.0"
        }
      }
    },
    "typos@1.42.3": {
      "last_modified": "2026-01-31T12:06:42Z",
      "resolved": "github:NixOS/nixpkgs/f214de98544a6acf0d9917ba265ac50849048fcb#typos",
      "source": "devbox-search",
      "version": "1.42.3",
      "systems": {
        "aarch64-darwin": {
          "outputs": [
            {
              "name": "out",
              "path": "/nix/store/hygr0m7ww5qzh4mri9qqhn7hx5f5k91b-typos-1.42.3",
              "default": true
            }
          ],
          "store_path": "/nix/store/hygr0m7ww5qzh4mri9qqhn7hx5f5k91b-typos-1.42.3"
        },
        "aarch64-linux": {
          "outputs": [
            {
              "name": "out",
              "path": "/nix/store/ryakadlql2ci4lbnp99ysl6zdi95kn0h-typos-1.42.3",
              "default": true
            }
          ],
          "store_path": "/nix/store/ryakadlql2ci4lbnp99ysl6zdi95kn0h-typos-1.42.3"
        },
        "x86_64-darwin": {
          "outputs": [
            {
              "name": "out",
              "path": "/nix/store/jdlqjm04axac9gv7jvwb98f8qfb8vql1-typos-1.42.3",
              "default": true
            }
          ],
          "store_path": "/nix/store/jdlqjm04axac9gv7jvwb98f8qfb8vql1-typos-1.42.3"
        },
        "x86_64-linux": {
          "outputs": [
            {
              "name": "out",
              "path": "/nix/store/s4rgqv7brrcq2jm8m00dyair22knq10s-typos-1.42.3",
              "default": true
            }
          ],
          "store_path": "/nix/store/s4rgqv7brrcq2jm8m00dyair22knq10s-typos-1.42.3"
        }
      }
    }
  }
}
